
Microsoft Visual Studio Solution File, Format Version 12.00
# Visual Studio Version 17
VisualStudioVersion = 17.3.32929.385
MinimumVisualStudioVersion = 10.0.40219.1
Project("{FAE04EC0-301F-11D3-BF4B-00C04F79EFBC}") = "pervoeZadanie", "pervoeZadanie\pervoeZadanie.csproj", "{FDF7FF12-4C66-4D11-8F20-54D003DFE1B0}"
EndProject
Global
	GlobalSection(SolutionConfigurationPlatforms) = preSolution
		Debug|Any CPU = Debug|Any CPU
		Release|Any CPU = Release|Any CPU
	EndGlobalSection
	GlobalSection(ProjectConfigurationPlatforms) = postSolution
		{FDF7FF12-4C66-4D11-8F20-54D003DFE1B0}.Debug|Any CPU.ActiveCfg = Debug|Any CPU
		{FDF7FF12-4C66-4D11-8F20-54D003DFE1B0}.Debug|Any CPU.Build.0 = Debug|Any CPU
		{FDF7FF12-4C66-4D11-8F20-54D003DFE1B0}.Release|Any CPU.ActiveCfg = Release|Any CPU
		{FDF7FF12-4C66-4D11-8F20-54D003DFE1B0}.Release|Any CPU.Build.0 = Release|Any CPU
	EndGlobalSection
	GlobalSection(SolutionProperties) = preSolution
		HideSolutionNode = FALSE
	EndGlobalSection
	GlobalSection(ExtensibilityGlobals) = postSolution
		SolutionGuid = {7064396F-39C9-40C8-9300-898DD3E0D0C1}
	EndGlobalSection
EndGlobal
